PODS:
  - ActionSheetPicker-3.0 (1.3.12)
  - CocoaLumberjack (2.0.0-beta3):
    - CocoaLumberjack/Default (= 2.0.0-beta3)
    - CocoaLumberjack/Extensions (= 2.0.0-beta3)
  - CocoaLumberjack/Core (2.0.0-beta3)
  - CocoaLumberjack/Default (2.0.0-beta3):
    - CocoaLumberjack/Core
  - CocoaLumberjack/Extensions (2.0.0-beta3):
    - CocoaLumberjack/Default
  - CoreBitcoin (0.6.7):
    - ISO8601DateFormatter
    - OpenSSL-Universal (= 1.0.1.j-2)
  - ISO8601DateFormatter (0.7)
  - MagicalRecord (2.2):
    - MagicalRecord/Core (= 2.2)
  - MagicalRecord/Core (2.2)
  - MBProgressHUD (0.9.1)
  - MMDrawerController (0.6.0):
    - MMDrawerController/Core (= 0.6.0)
    - MMDrawerController/MMDrawerBarButtonItem (= 0.6.0)
    - MMDrawerController/MMDrawerVisualStates (= 0.6.0)
    - MMDrawerController/Subclass (= 0.6.0)
  - MMDrawerController/Core (0.6.0)
  - MMDrawerController/MMDrawerBarButtonItem (0.6.0):
    - MMDrawerController/Core
  - MMDrawerController/MMDrawerVisualStates (0.6.0):
    - MMDrawerController/Core
  - MMDrawerController/Subclass (0.6.0):
    - MMDrawerController/Core
  - OpenSSL-Universal (1.0.1.j-2)
  - PureLayout (3.0.1)
  - SocketRocket (0.4)
  - SSKeychain (1.2.3)

DEPENDENCIES:
  - ActionSheetPicker-3.0 (~> 1.3.1)
  - CocoaLumberjack (= 2.0.0-beta3)
  - CoreBitcoin (~> 0.5)
  - MagicalRecord (= 2.2)
  - MBProgressHUD (~> 0.8)
  - MMDrawerController (~> 0.5)
  - PureLayout
  - SocketRocket
  - SSKeychain (~> 1.2)

SPEC CHECKSUMS:
  ActionSheetPicker-3.0: 9fd0713777fad3a3f3b89ea58c75d59ccdef28f4
  CocoaLumberjack: acb01143f5888200e8a949a117bc21102204f080
  CoreBitcoin: 55bd890f6f867888ccdcec99d3e3a07c10840a8e
  ISO8601DateFormatter: ab926648eebe497f4d167c0fd083992f959f1274
  MagicalRecord: 2dc87179ae7c1f2a274442624ec65a07d4357a6f
  MBProgressHUD: c47f2c166c126cf2ce36498d80f33e754d4e93ad
  MMDrawerController: e3a54a5570388463ad3b36975251575b50c4e1a0
  OpenSSL-Universal: 438433f1eaa4f7fbc787445c2e520c522ef0f024
  PureLayout: f35f5384c9c4e4479df041dbe33ad7577b71ddfb
  SocketRocket: 01443933b7bc362621325f4607b80b4286a99707
  SSKeychain: 3f42991739c6c60a9cf1bbd4dff6c0d3694bcf3d

PODFILE CHECKSUM: 61e8f066e7d09b4bab197d01114df3c6e812cc92

COCOAPODS: 1.1.1
